
Microsoft Visual Studio Solution File, Format Version 12.00
# Visual Studio 14
VisualStudioVersion = 14.0.25420.1
MinimumVisualStudioVersion = 10.0.40219.1
Project("{FAE04EC0-301F-11D3-BF4B-00C04F79EFBC}") = "FootbalNewsReader", "FootbalNewsReader\FootbalNewsReader.csproj", "{83854025-979B-4299-B4D4-425981B92763}"
EndProject
Project("{FAE04EC0-301F-11D3-BF4B-00C04F79EFBC}") = "ClassLibrary1", "..\Tools\ClassLibrary1\ClassLibrary1.csproj", "{010C80F7-2DBA-497F-B3D0-8264BEA6A690}"
EndProject
Global
	GlobalSection(SolutionConfigurationPlatforms) = preSolution
		Debug|Any CPU = Debug|Any CPU
		Release|Any CPU = Release|Any CPU
	EndGlobalSection
	GlobalSection(ProjectConfigurationPlatforms) = postSolution
		{83854025-979B-4299-B4D4-425981B92763}.Debug|Any CPU.ActiveCfg = Debug|Any CPU
		{83854025-979B-4299-B4D4-425981B92763}.Debug|Any CPU.Build.0 = Debug|Any CPU
		{83854025-979B-4299-B4D4-425981B92763}.Release|Any CPU.ActiveCfg = Release|Any CPU
		{83854025-979B-4299-B4D4-425981B92763}.Release|Any CPU.Build.0 = Release|Any CPU
		{010C80F7-2DBA-497F-B3D0-8264BEA6A690}.Debug|Any CPU.ActiveCfg = Debug|Any CPU
		{010C80F7-2DBA-497F-B3D0-8264BEA6A690}.Debug|Any CPU.Build.0 = Debug|Any CPU
		{010C80F7-2DBA-497F-B3D0-8264BEA6A690}.Release|Any CPU.ActiveCfg = Release|Any CPU
		{010C80F7-2DBA-497F-B3D0-8264BEA6A690}.Release|Any CPU.Build.0 = Release|Any CPU
	EndGlobalSection
	GlobalSection(SolutionProperties) = preSolution
		HideSolutionNode = FALSE
	EndGlobalSection
EndGlobal
